{
  "name": "asp.net",
  "version": "1.0.0",
  "lockfileVersion": 1,
  "requires": true,
  "dependencies": {
    "@syncfusion/ej2-js-es5": {
      "version": "18.2.57",
      "resolved": "https://registry.npmjs.org/@syncfusion/ej2-js-es5/-/ej2-js-es5-18.2.57.tgz",
      "integrity": "sha512-Fe911XZDHe4VJl902H5oNsgw3eROXcCgHampHkX0sWps+3kjtv72nT4tE4dLKYlPYgdJ6oE2zef3ef7Q2X5HIw=="
    }
  }
}
